
Microsoft Visual Studio Solution File, Format Version 12.00
# Visual Studio Version 17
VisualStudioVersion = 17.8.34511.84
MinimumVisualStudioVersion = 10.0.40219.1
Project("{9A19103F-16F7-4668-BE54-9A1E7A4F7556}") = "Metalhead.Examples.SyncAsyncParallel.WpfApp", "Metalhead.Examples.SyncAsyncParallel.WpfApp\Metalhead.Examples.SyncAsyncParallel.WpfApp.csproj", "{864C65AA-3A84-41B9-BA58-207C86771FBB}"
EndProject
Project("{FAE04EC0-301F-11D3-BF4B-00C04F79EFBC}") = "Metalhead.Examples.SyncAsyncParallel.Core", "Metalhead.Examples.SyncAsyncParallel.Core\Metalhead.Examples.SyncAsyncParallel.Core.csproj", "{D392278E-F8B6-4ABA-9C58-7028BC6FA699}"
EndProject
Global
	GlobalSection(SolutionConfigurationPlatforms) = preSolution
		Debug|Any CPU = Debug|Any CPU
		Release|Any CPU = Release|Any CPU
	EndGlobalSection
	GlobalSection(ProjectConfigurationPlatforms) = postSolution
		{864C65AA-3A84-41B9-BA58-207C86771FBB}.Debug|Any CPU.ActiveCfg = Debug|Any CPU
		{864C65AA-3A84-41B9-BA58-207C86771FBB}.Debug|Any CPU.Build.0 = Debug|Any CPU
		{864C65AA-3A84-41B9-BA58-207C86771FBB}.Release|Any CPU.ActiveCfg = Release|Any CPU
		{864C65AA-3A84-41B9-BA58-207C86771FBB}.Release|Any CPU.Build.0 = Release|Any CPU
		{D392278E-F8B6-4ABA-9C58-7028BC6FA699}.Debug|Any CPU.ActiveCfg = Debug|Any CPU
		{D392278E-F8B6-4ABA-9C58-7028BC6FA699}.Debug|Any CPU.Build.0 = Debug|Any CPU
		{D392278E-F8B6-4ABA-9C58-7028BC6FA699}.Release|Any CPU.ActiveCfg = Release|Any CPU
		{D392278E-F8B6-4ABA-9C58-7028BC6FA699}.Release|Any CPU.Build.0 = Release|Any CPU
	EndGlobalSection
	GlobalSection(SolutionProperties) = preSolution
		HideSolutionNode = FALSE
	EndGlobalSection
	GlobalSection(ExtensibilityGlobals) = postSolution
		SolutionGuid = {7FCF3343-CCCA-457C-BF28-936811448A8E}
	EndGlobalSection
EndGlobal
